
Microsoft Visual Studio Solution File, Format Version 12.00
# Visual Studio Version 17
VisualStudioVersion = 17.3.32929.385
MinimumVisualStudioVersion = 10.0.40219.1
Project("{FAE04EC0-301F-11D3-BF4B-00C04F79EFBC}") = "OneSoccer.web", "OneSoccer\OneSoccer.web.csproj", "{B9A76D37-A2A3-493E-A694-46416204512B}"
EndProject
Project("{FAE04EC0-301F-11D3-BF4B-00C04F79EFBC}") = "OneSoccer.core", "OneSoccer.core\OneSoccer.core.csproj", "{6342C6FB-1F01-4804-9AB8-4091DE280046}"
EndProject
Global
	GlobalSection(SolutionConfigurationPlatforms) = preSolution
		Debug|Any CPU = Debug|Any CPU
		Release|Any CPU = Release|Any CPU
	EndGlobalSection
	GlobalSection(ProjectConfigurationPlatforms) = postSolution
		{B9A76D37-A2A3-493E-A694-46416204512B}.Debug|Any CPU.ActiveCfg = Debug|Any CPU
		{B9A76D37-A2A3-493E-A694-46416204512B}.Debug|Any CPU.Build.0 = Debug|Any CPU
		{B9A76D37-A2A3-493E-A694-46416204512B}.Release|Any CPU.ActiveCfg = Release|Any CPU
		{B9A76D37-A2A3-493E-A694-46416204512B}.Release|Any CPU.Build.0 = Release|Any CPU
		{6342C6FB-1F01-4804-9AB8-4091DE280046}.Debug|Any CPU.ActiveCfg = Debug|Any CPU
		{6342C6FB-1F01-4804-9AB8-4091DE280046}.Debug|Any CPU.Build.0 = Debug|Any CPU
		{6342C6FB-1F01-4804-9AB8-4091DE280046}.Release|Any CPU.ActiveCfg = Release|Any CPU
		{6342C6FB-1F01-4804-9AB8-4091DE280046}.Release|Any CPU.Build.0 = Release|Any CPU
	EndGlobalSection
	GlobalSection(SolutionProperties) = preSolution
		HideSolutionNode = FALSE
	EndGlobalSection
	GlobalSection(ExtensibilityGlobals) = postSolution
		SolutionGuid = {BEEAD660-A979-4AF0-BA48-F66CBFA52AE9}
	EndGlobalSection
EndGlobal
